<?xml version="1.0" encoding="utf-8"?>
<Project ToolsVersion="16.0" xmlns="http://schemas.microsoft.com/developer/msbuild/2003">
  <ItemGroup>
    <ClCompile Include="C:\Users\ryanp\OneDrive\Bureau\Taff\web_dev\website_lea\windows\flutter\ephemeral\.plugin_symlinks\url_launcher_windows\windows\url_launcher_windows.cpp">
      <Filter>Source Files</Filter>
    </ClCompile>
    <ClCompile Include="C:\Users\ryanp\OneDrive\Bureau\Taff\web_dev\website_lea\windows\flutter\ephemeral\.plugin_symlinks\url_launcher_windows\windows\system_apis.cpp">
      <Filter>Source Files</Filter>
    </ClCompile>
    <ClCompile Include="C:\Users\ryanp\OneDrive\Bureau\Taff\web_dev\website_lea\windows\flutter\ephemeral\.plugin_symlinks\url_launcher_windows\windows\url_launcher_plugin.cpp">
      <Filter>Source Files</Filter>
    </ClCompile>
  </ItemGroup>
  <ItemGroup>
    <ClInclude Include="C:\Users\ryanp\OneDrive\Bureau\Taff\web_dev\website_lea\windows\flutter\ephemeral\.plugin_symlinks\url_launcher_windows\windows\include\url_launcher_windows\url_launcher_windows.h">
      <Filter>Header Files</Filter>
    </ClInclude>
    <ClInclude Include="C:\Users\ryanp\OneDrive\Bureau\Taff\web_dev\website_lea\windows\flutter\ephemeral\.plugin_symlinks\url_launcher_windows\windows\system_apis.h">
      <Filter>Header Files</Filter>
    </ClInclude>
    <ClInclude Include="C:\Users\ryanp\OneDrive\Bureau\Taff\web_dev\website_lea\windows\flutter\ephemeral\.plugin_symlinks\url_launcher_windows\windows\url_launcher_plugin.h">
      <Filter>Header Files</Filter>
    </ClInclude>
  </ItemGroup>
  <ItemGroup>
    <CustomBuild Include="C:\Users\ryanp\OneDrive\Bureau\Taff\web_dev\website_lea\windows\flutter\ephemeral\.plugin_symlinks\url_launcher_windows\windows\CMakeLists.txt" />
  </ItemGroup>
  <ItemGroup>
    <Filter Include="Header Files">
      <UniqueIdentifier>{84592160-76B5-32CE-96E2-13D8139F3934}</UniqueIdentifier>
    </Filter>
    <Filter Include="Source Files">
      <UniqueIdentifier>{4489A087-CC82-3041-A7C4-936C5C0743FD}</UniqueIdentifier>
    </Filter>
  </ItemGroup>
</Project>
